
Microsoft Visual Studio Solution File, Format Version 12.00
# Visual Studio Version 17
VisualStudioVersion = 17.5.33530.505
MinimumVisualStudioVersion = 10.0.40219.1
Project("{FAE04EC0-301F-11D3-BF4B-00C04F79EFBC}") = "ReadPLCSoft", "ReadPLCSoft\ReadPLCSoft.csproj", "{82AA039E-14AB-4FDC-9B1E-E311D57DCC9C}"
EndProject
Global
	GlobalSection(SolutionConfigurationPlatforms) = preSolution
		Debug|Any CPU = Debug|Any CPU
		Release|Any CPU = Release|Any CPU
	EndGlobalSection
	GlobalSection(ProjectConfigurationPlatforms) = postSolution
		{82AA039E-14AB-4FDC-9B1E-E311D57DCC9C}.Debug|Any CPU.ActiveCfg = Debug|Any CPU
		{82AA039E-14AB-4FDC-9B1E-E311D57DCC9C}.Debug|Any CPU.Build.0 = Debug|Any CPU
		{82AA039E-14AB-4FDC-9B1E-E311D57DCC9C}.Release|Any CPU.ActiveCfg = Release|Any CPU
		{82AA039E-14AB-4FDC-9B1E-E311D57DCC9C}.Release|Any CPU.Build.0 = Release|Any CPU
	EndGlobalSection
	GlobalSection(SolutionProperties) = preSolution
		HideSolutionNode = FALSE
	EndGlobalSection
	GlobalSection(ExtensibilityGlobals) = postSolution
		SolutionGuid = {C765A2A2-C5F2-4DAF-9733-D407BB1F1B85}
	EndGlobalSection
EndGlobal
